// !$*UTF8*$!
{
	archiveVersion = 1;
	classes = {
	};
	objectVersion = 50;
	objects = {

/* Begin PBXBuildFile section */
		561B5B5FCDDA390666C5C69E /* Pods_Todoey.framework in Frameworks */ = {isa = PBXBuildFile; fileRef = 16E224DA00856C68CA221FA7 /* Pods_Todoey.framework */; };
		BC0918FC21868CC40067AD37 /* AppDelegate.swift in Sources */ = {isa = PBXBuildFile; fileRef = BC0918FB21868CC40067AD37 /* AppDelegate.swift */; };
		BC0918FE21868CC40067AD37 /* TodoListViewController.swift in Sources */ = {isa = PBXBuildFile; fileRef = BC0918FD21868CC40067AD37 /* TodoListViewController.swift */; };
		BC09190121868CC40067AD37 /* Main.storyboard in Resources */ = {isa = PBXBuildFile; fileRef = BC0918FF21868CC40067AD37 /* Main.storyboard */; };
		BC09190321868CC90067AD37 /* Assets.xcassets in Resources */ = {isa = PBXBuildFile; fileRef = BC09190221868CC90067AD37 /* Assets.xcassets */; };
		BC09190621868CC90067AD37 /* LaunchScreen.storyboard in Resources */ = {isa = PBXBuildFile; fileRef = BC09190421868CC90067AD37 /* LaunchScreen.storyboard */; };
		BC0919382188EEF80067AD37 /* CategoryViewController.swift in Sources */ = {isa = PBXBuildFile; fileRef = BC0919372188EEF80067AD37 /* CategoryViewController.swift */; };
		BC21F1ED2190C9780099CBF8 /* SwipeTableViewController.swift in Sources */ = {isa = PBXBuildFile; fileRef = BC21F1EC2190C9780099CBF8 /* SwipeTableViewController.swift */; };
		BC7EED4D218B724D00D4B829 /* Item.swift in Sources */ = {isa = PBXBuildFile; fileRef = BC7EED4C218B724D00D4B829 /* Item.swift */; };
		BC7EED4F218B725700D4B829 /* Category.swift in Sources */ = {isa = PBXBuildFile; fileRef = BC7EED4E218B725700D4B829 /* Category.swift */; };
/* End PBXBuildFile section */

/* Begin PBXFileReference section */
		16E224DA00856C68CA221FA7 /* Pods_Todoey.framework */ = {isa = PBXFileReference; explicitFileType = wrapper.framework; includeInIndex = 0; path = Pods_Todoey.framework; sourceTree = BUILT_PRODUCTS_DIR; };
		32A30A1ECF0395F0CE3B77D3 /* Pods-Todoey.release.xcconfig */ = {isa = PBXFileReference; includeInIndex = 1; lastKnownFileType = text.xcconfig; name = "Pods-Todoey.release.xcconfig"; path = "Pods/Target Support Files/Pods-Todoey/Pods-Todoey.release.xcconfig"; sourceTree = "<group>"; };
		BC0918F821868CC40067AD37 /* Todoey.app */ = {isa = PBXFileReference; explicitFileType = wrapper.application; includeInIndex = 0; path = Todoey.app; sourceTree = BUILT_PRODUCTS_DIR; };
		BC0918FB21868CC40067AD37 /* AppDelegate.swift */ = {isa = PBXFileReference; lastKnownFileType = sourcecode.swift; path = AppDelegate.swift; sourceTree = "<group>"; };
		BC0918FD21868CC40067AD37 /* TodoListViewController.swift */ = {isa = PBXFileReference; lastKnownFileType = sourcecode.swift; path = TodoListViewController.swift; sourceTree = "<group>"; };
		BC09190021868CC40067AD37 /* Base */ = {isa = PBXFileReference; lastKnownFileType = file.storyboard; name = Base; path = Base.lproj/Main.storyboard; sourceTree = "<group>"; };
		BC09190221868CC90067AD37 /* Assets.xcassets */ = {isa = PBXFileReference; lastKnownFileType = folder.assetcatalog; path = Assets.xcassets; sourceTree = "<group>"; };
		BC09190521868CC90067AD37 /* Base */ = {isa = PBXFileReference; lastKnownFileType = file.storyboard; name = Base; path = Base.lproj/LaunchScreen.storyboard; sourceTree = "<group>"; };
		BC09190721868CC90067AD37 /* Info.plist */ = {isa = PBXFileReference; lastKnownFileType = text.plist.xml; path = Info.plist; sourceTree = "<group>"; };
		BC0919372188EEF80067AD37 /* CategoryViewController.swift */ = {isa = PBXFileReference; lastKnownFileType = sourcecode.swift; path = CategoryViewController.swift; sourceTree = "<group>"; };
		BC21F1EC2190C9780099CBF8 /* SwipeTableViewController.swift */ = {isa = PBXFileReference; lastKnownFileType = sourcecode.swift; path = SwipeTableViewController.swift; sourceTree = "<group>"; };
		BC7EED4C218B724D00D4B829 /* Item.swift */ = {isa = PBXFileReference; lastKnownFileType = sourcecode.swift; path = Item.swift; sourceTree = "<group>"; };
		BC7EED4E218B725700D4B829 /* Category.swift */ = {isa = PBXFileReference; lastKnownFileType = sourcecode.swift; path = Category.swift; sourceTree = "<group>"; };
		DEFC9E7A86FD5786D593BED3 /* Pods-Todoey.debug.xcconfig */ = {isa = PBXFileReference; includeInIndex = 1; lastKnownFileType = text.xcconfig; name = "Pods-Todoey.debug.xcconfig"; path = "Pods/Target Support Files/Pods-Todoey/Pods-Todoey.debug.xcconfig"; sourceTree = "<group>"; };
/* End PBXFileReference section */

/* Begin PBXFrameworksBuildPhase section */
		BC0918F521868CC40067AD37 /* Frameworks */ = {
			isa = PBXFrameworksBuildPhase;
			buildActionMask = 2147483647;
			files = (
				561B5B5FCDDA390666C5C69E /* Pods_Todoey.framework in Frameworks */,
			);
			runOnlyForDeploymentPostprocessing = 0;
		};
/* End PBXFrameworksBuildPhase section */

/* Begin PBXGroup section */
		1310A84D23B920E7D80FB815 /* Pods */ = {
			isa = PBXGroup;
			children = (
				DEFC9E7A86FD5786D593BED3 /* Pods-Todoey.debug.xcconfig */,
				32A30A1ECF0395F0CE3B77D3 /* Pods-Todoey.release.xcconfig */,
			);
			name = Pods;
			sourceTree = "<group>";
		};
		BC0918EF21868CC40067AD37 = {
			isa = PBXGroup;
			children = (
				BC0918FA21868CC40067AD37 /* Todoey */,
				BC0918F921868CC40067AD37 /* Products */,
				1310A84D23B920E7D80FB815 /* Pods */,
				FC94B572BF423900CD23CD94 /* Frameworks */,
			);
			sourceTree = "<group>";
		};
		BC0918F921868CC40067AD37 /* Products */ = {
			isa = PBXGroup;
			children = (
				BC0918F821868CC40067AD37 /* Todoey.app */,
			);
			name = Products;
			sourceTree = "<group>";
		};
		BC0918FA21868CC40067AD37 /* Todoey */ = {
			isa = PBXGroup;
			children = (
				BC0918FB21868CC40067AD37 /* AppDelegate.swift */,
				BC09191021877D710067AD37 /* Controllers */,
				BC09190F21877BD60067AD37 /* Data Model */,
				BC09191121877D820067AD37 /* Views */,
				BC09191221877DA50067AD37 /* Supporting Files */,
				BC09190721868CC90067AD37 /* Info.plist */,
			);
			path = Todoey;
			sourceTree = "<group>";
		};
		BC09190F21877BD60067AD37 /* Data Model */ = {
			isa = PBXGroup;
			children = (
				BC7EED4E218B725700D4B829 /* Category.swift */,
				BC7EED4C218B724D00D4B829 /* Item.swift */,
			);
			path = "Data Model";
			sourceTree = "<group>";
		};
		BC09191021877D710067AD37 /* Controllers */ = {
			isa = PBXGroup;
			children = (
				BC0919372188EEF80067AD37 /* CategoryViewController.swift */,
				BC21F1EC2190C9780099CBF8 /* SwipeTableViewController.swift */,
				BC0918FD21868CC40067AD37 /* TodoListViewController.swift */,
			);
			path = Controllers;
			sourceTree = "<group>";
		};
		BC09191121877D820067AD37 /* Views */ = {
			isa = PBXGroup;
			children = (
				BC0918FF21868CC40067AD37 /* Main.storyboard */,
			);
			path = Views;
			sourceTree = "<group>";
		};
		BC09191221877DA50067AD37 /* Supporting Files */ = {
			isa = PBXGroup;
			children = (
				BC09190221868CC90067AD37 /* Assets.xcassets */,
				BC09190421868CC90067AD37 /* LaunchScreen.storyboard */,
			);
			path = "Supporting Files";
			sourceTree = "<group>";
		};
		FC94B572BF423900CD23CD94 /* Frameworks */ = {
			isa = PBXGroup;
			children = (
				16E224DA00856C68CA221FA7 /* Pods_Todoey.framework */,
			);
			name = Frameworks;
			sourceTree = "<group>";
		};
/* End PBXGroup section */

/* Begin PBXNativeTarget section */
		BC0918F721868CC40067AD37 /* Todoey */ = {
			isa = PBXNativeTarget;
			buildConfigurationList = BC09190A21868CC90067AD37 /* Build configuration list for PBXNativeTarget "Todoey" */;
			buildPhases = (
				9E0915E0EA5250A936A391A9 /* [CP] Check Pods Manifest.lock */,
				BC0918F421868CC40067AD37 /* Sources */,
				BC0918F521868CC40067AD37 /* Frameworks */,
				BC0918F621868CC40067AD37 /* Resources */,
				C6267133C79082E39412534D /* [CP] Embed Pods Frameworks */,
			);
			buildRules = (
			);
			dependencies = (
			);
			name = Todoey;
			productName = Todoey;
			productReference = BC0918F821868CC40067AD37 /* Todoey.app */;
			productType = "com.apple.product-type.application";
		};
/* End PBXNativeTarget section */

/* Begin PBXProject section */
		BC0918F021868CC40067AD37 /* Project object */ = {
			isa = PBXProject;
			attributes = {
				LastSwiftUpdateCheck = 1000;
				LastUpgradeCheck = 1000;
				ORGANIZATIONNAME = "Peter Lawless";
				TargetAttributes = {
					BC0918F721868CC40067AD37 = {
						CreatedOnToolsVersion = 10.0;
					};
				};
			};
			buildConfigurationList = BC0918F321868CC40067AD37 /* Build configuration list for PBXProject "Todoey" */;
			compatibilityVersion = "Xcode 9.3";
			developmentRegion = en;
			hasScannedForEncodings = 0;
			knownRegions = (
				en,
				Base,
			);
			mainGroup = BC0918EF21868CC40067AD37;
			productRefGroup = BC0918F921868CC40067AD37 /* Products */;
			projectDirPath = "";
			projectRoot = "";
			targets = (
				BC0918F721868CC40067AD37 /* Todoey */,
			);
		};
/* End PBXProject section */

/* Begin PBXResourcesBuildPhase section */
		BC0918F621868CC40067AD37 /* Resources */ = {
			isa = PBXResourcesBuildPhase;
			buildActionMask = 2147483647;
			files = (
				BC09190621868CC90067AD37 /* LaunchScreen.storyboard in Resources */,
				BC09190321868CC90067AD37 /* Assets.xcassets in Resources */,
				BC09190121868CC40067AD37 /* Main.storyboard in Resources */,
			);
			runOnlyForDeploymentPostprocessing = 0;
		};
/* End PBXResourcesBuildPhase section */

/* Begin PBXShellScriptBuildPhase section */
		9E0915E0EA5250A936A391A9 /* [CP] Check Pods Manifest.lock */ = {
			isa = PBXShellScriptBuildPhase;
			buildActionMask = 2147483647;
			files = (
			);
			inputFileListPaths = (
			);
			inputPaths = (
				"${PODS_PODFILE_DIR_PATH}/Podfile.lock",
				"${PODS_ROOT}/Manifest.lock",
			);
			name = "[CP] Check Pods Manifest.lock";
			outputFileListPaths = (
			);
			outputPaths = (
				"$(DERIVED_FILE_DIR)/Pods-Todoey-checkManifestLockResult.txt",
			);
			runOnlyForDeploymentPostprocessing = 0;
			shellPath = /bin/sh;
			shellScript = "diff \"${PODS_PODFILE_DIR_PATH}/Podfile.lock\" \"${PODS_ROOT}/Manifest.lock\" > /dev/null\nif [ $? != 0 ] ; then\n    # print error to STDERR\n    echo \"error: The sandbox is not in sync with the Podfile.lock. Run 'pod install' or update your CocoaPods installation.\" >&2\n    exit 1\nfi\n# This output is used by Xcode 'outputs' to avoid re-running this script phase.\necho \"SUCCESS\" > \"${SCRIPT_OUTPUT_FILE_0}\"\n";
			showEnvVarsInLog = 0;
		};
		C6267133C79082E39412534D /* [CP] Embed Pods Frameworks */ = {
			isa = PBXShellScriptBuildPhase;
			buildActionMask = 2147483647;
			files = (
			);
			inputFileListPaths = (
			);
			inputPaths = (
				"${SRCROOT}/Pods/Target Support Files/Pods-Todoey/Pods-Todoey-frameworks.sh",
				"${BUILT_PRODUCTS_DIR}/ChameleonFramework/ChameleonFramework.framework",
				"${BUILT_PRODUCTS_DIR}/Realm/Realm.framework",
				"${BUILT_PRODUCTS_DIR}/RealmSwift/RealmSwift.framework",
				"${BUILT_PRODUCTS_DIR}/SwipeCellKit/SwipeCellKit.framework",
			);
			name = "[CP] Embed Pods Frameworks";
			outputFileListPaths = (
			);
			outputPaths = (
				"${TARGET_BUILD_DIR}/${FRAMEWORKS_FOLDER_PATH}/ChameleonFramework.framework",
				"${TARGET_BUILD_DIR}/${FRAMEWORKS_FOLDER_PATH}/Realm.framework",
				"${TARGET_BUILD_DIR}/${FRAMEWORKS_FOLDER_PATH}/RealmSwift.framework",
				"${TARGET_BUILD_DIR}/${FRAMEWORKS_FOLDER_PATH}/SwipeCellKit.framework",
			);
			runOnlyForDeploymentPostprocessing = 0;
			shellPath = /bin/sh;
			shellScript = "\"${SRCROOT}/Pods/Target Support Files/Pods-Todoey/Pods-Todoey-frameworks.sh\"\n";
			showEnvVarsInLog = 0;
		};
/* End PBXShellScriptBuildPhase section */

/* Begin PBXSourcesBuildPhase section */
		BC0918F421868CC40067AD37 /* Sources */ = {
			isa = PBXSourcesBuildPhase;
			buildActionMask = 2147483647;
			files = (
				BC7EED4D218B724D00D4B829 /* Item.swift in Sources */,
				BC0919382188EEF80067AD37 /* CategoryViewController.swift in Sources */,
				BC0918FE21868CC40067AD37 /* TodoListViewController.swift in Sources */,
				BC0918FC21868CC40067AD37 /* AppDelegate.swift in Sources */,
				BC21F1ED2190C9780099CBF8 /* SwipeTableViewController.swift in Sources */,
				BC7EED4F218B725700D4B829 /* Category.swift in Sources */,
			);
			runOnlyForDeploymentPostprocessing = 0;
		};
/* End PBXSourcesBuildPhase section */

/* Begin PBXVariantGroup section */
		BC0918FF21868CC40067AD37 /* Main.storyboard */ = {
			isa = PBXVariantGroup;
			children = (
				BC09190021868CC40067AD37 /* Base */,
			);
			name = Main.storyboard;
			sourceTree = "<group>";
		};
		BC09190421868CC90067AD37 /* LaunchScreen.storyboard */ = {
			isa = PBXVariantGroup;
			children = (
				BC09190521868CC90067AD37 /* Base */,
			);
			name = LaunchScreen.storyboard;
			sourceTree = "<group>";
		};
/* End PBXVariantGroup section */

/* Begin XCBuildConfiguration section */
		BC09190821868CC90067AD37 /* Debug */ = {
			isa = XCBuildConfiguration;
			buildSettings = {
				ALWAYS_SEARCH_USER_PATHS = NO;
				CLANG_ANALYZER_NONNULL = YES;
				CLANG_ANALYZER_NUMBER_OBJECT_CONVERSION = YES_AGGRESSIVE;
				CLANG_CXX_LANGUAGE_STANDARD = "gnu++14";
				CLANG_CXX_LIBRARY = "libc++";
				CLANG_ENABLE_MODULES = YES;
				CLANG_ENABLE_OBJC_ARC = YES;
				CLANG_ENABLE_OBJC_WEAK = YES;
				CLANG_WARN_BLOCK_CAPTURE_AUTORELEASING = YES;
				CLANG_WARN_BOOL_CONVERSION = YES;
				CLANG_WARN_COMMA = YES;
				CLANG_WARN_CONSTANT_CONVERSION = YES;
				CLANG_WARN_DEPRECATED_OBJC_IMPLEMENTATIONS = YES;
				CLANG_WARN_DIRECT_OBJC_ISA_USAGE = YES_ERROR;
				CLANG_WARN_DOCUMENTATION_COMMENTS = YES;
				CLANG_WARN_EMPTY_BODY = YES;
				CLANG_WARN_ENUM_CONVERSION = YES;
				CLANG_WARN_INFINITE_RECURSION = YES;
				CLANG_WARN_INT_CONVERSION = YES;
				CLANG_WARN_NON_LITERAL_NULL_CONVERSION = YES;
				CLANG_WARN_OBJC_IMPLICIT_RETAIN_SELF = YES;
				CLANG_WARN_OBJC_LITERAL_CONVERSION = YES;
				CLANG_WARN_OBJC_ROOT_CLASS = YES_ERROR;
				CLANG_WARN_RANGE_LOOP_ANALYSIS = YES;
				CLANG_WARN_STRICT_PROTOTYPES = YES;
				CLANG_WARN_SUSPICIOUS_MOVE = YES;
				CLANG_WARN_UNGUARDED_AVAILABILITY = YES_AGGRESSIVE;
				CLANG_WARN_UNREACHABLE_CODE = YES;
				CLANG_WARN__DUPLICATE_METHOD_MATCH = YES;
				CODE_SIGN_IDENTITY = "iPhone Developer";
				COPY_PHASE_STRIP = NO;
				DEBUG_INFORMATION_FORMAT = dwarf;
				ENABLE_STRICT_OBJC_MSGSEND = YES;
				ENABLE_TESTABILITY = YES;
				GCC_C_LANGUAGE_STANDARD = gnu11;
				GCC_DYNAMIC_NO_PIC = NO;
				GCC_NO_COMMON_BLOCKS = YES;
				GCC_OPTIMIZATION_LEVEL = 0;
				GCC_PREPROCESSOR_DEFINITIONS = (
					"DEBUG=1",
					"$(inherited)",
				);
				GCC_WARN_64_TO_32_BIT_CONVERSION = YES;
				GCC_WARN_ABOUT_RETURN_TYPE = YES_ERROR;
				GCC_WARN_UNDECLARED_SELECTOR = YES;
				GCC_WARN_UNINITIALIZED_AUTOS = YES_AGGRESSIVE;
				GCC_WARN_UNUSED_FUNCTION = YES;
				GCC_WARN_UNUSED_VARIABLE = YES;
				IPHONEOS_DEPLOYMENT_TARGET = 12.0;
				MTL_ENABLE_DEBUG_INFO = INCLUDE_SOURCE;
				MTL_FAST_MATH = YES;
				ONLY_ACTIVE_ARCH = YES;
				SDKROOT = iphoneos;
				SWIFT_ACTIVE_COMPILATION_CONDITIONS = DEBUG;
				SWIFT_OPTIMIZATION_LEVEL = "-Onone";
			};
			name = Debug;
		};
		BC09190921868CC90067AD37 /* Release */ = {
			isa = XCBuildConfiguration;
			buildSettings = {
				ALWAYS_SEARCH_USER_PATHS = NO;
				CLANG_ANALYZER_NONNULL = YES;
				CLANG_ANALYZER_NUMBER_OBJECT_CONVERSION = YES_AGGRESSIVE;
				CLANG_CXX_LANGUAGE_STANDARD = "gnu++14";
				CLANG_CXX_LIBRARY = "libc++";
				CLANG_ENABLE_MODULES = YES;
				CLANG_ENABLE_OBJC_ARC = YES;
				CLANG_ENABLE_OBJC_WEAK = YES;
				CLANG_WARN_BLOCK_CAPTURE_AUTORELEASING = YES;
				CLANG_WARN_BOOL_CONVERSION = YES;
				CLANG_WARN_COMMA = YES;
				CLANG_WARN_CONSTANT_CONVERSION = YES;
				CLANG_WARN_DEPRECATED_OBJC_IMPLEMENTATIONS = YES;
				CLANG_WARN_DIRECT_OBJC_ISA_USAGE = YES_ERROR;
				CLANG_WARN_DOCUMENTATION_COMMENTS = YES;
				CLANG_WARN_EMPTY_BODY = YES;
				CLANG_WARN_ENUM_CONVERSION = YES;
				CLANG_WARN_INFINITE_RECURSION = YES;
				CLANG_WARN_INT_CONVERSION = YES;
				CLANG_WARN_NON_LITERAL_NULL_CONVERSION = YES;
				CLANG_WARN_OBJC_IMPLICIT_RETAIN_SELF = YES;
				CLANG_WARN_OBJC_LITERAL_CONVERSION = YES;
				CLANG_WARN_OBJC_ROOT_CLASS = YES_ERROR;
				CLANG_WARN_RANGE_LOOP_ANALYSIS = YES;
				CLANG_WARN_STRICT_PROTOTYPES = YES;
				CLANG_WARN_SUSPICIOUS_MOVE = YES;
				CLANG_WARN_UNGUARDED_AVAILABILITY = YES_AGGRESSIVE;
				CLANG_WARN_UNREACHABLE_CODE = YES;
				CLANG_WARN__DUPLICATE_METHOD_MATCH = YES;
				CODE_SIGN_IDENTITY = "iPhone Developer";
				COPY_PHASE_STRIP = NO;
				DEBUG_INFORMATION_FORMAT = "dwarf-with-dsym";
				ENABLE_NS_ASSERTIONS = NO;
				ENABLE_STRICT_OBJC_MSGSEND = YES;
				GCC_C_LANGUAGE_STANDARD = gnu11;
				GCC_NO_COMMON_BLOCKS = YES;
				GCC_WARN_64_TO_32_BIT_CONVERSION = YES;
				GCC_WARN_ABOUT_RETURN_TYPE = YES_ERROR;
				GCC_WARN_UNDECLARED_SELECTOR = YES;
				GCC_WARN_UNINITIALIZED_AUTOS = YES_AGGRESSIVE;
				GCC_WARN_UNUSED_FUNCTION = YES;
				GCC_WARN_UNUSED_VARIABLE = YES;
				IPHONEOS_DEPLOYMENT_TARGET = 12.0;
				MTL_ENABLE_DEBUG_INFO = NO;
				MTL_FAST_MATH = YES;
				SDKROOT = iphoneos;
				SWIFT_COMPILATION_MODE = wholemodule;
				SWIFT_OPTIMIZATION_LEVEL = "-O";
				VALIDATE_PRODUCT = YES;
			};
			name = Release;
		};
		BC09190B21868CC90067AD37 /* Debug */ = {
			isa = XCBuildConfiguration;
			baseConfigurationReference = DEFC9E7A86FD5786D593BED3 /* Pods-Todoey.debug.xcconfig */;
			buildSettings = {
				ASSETCATALOG_COMPILER_APPICON_NAME = AppIcon;
				CODE_SIGN_STYLE = Automatic;
				DEVELOPMENT_TEAM = K3B5ML5LK9;
				INFOPLIST_FILE = Todoey/Info.plist;
				LD_RUNPATH_SEARCH_PATHS = (
					"$(inherited)",
					"@executable_path/Frameworks",
				);
				PRODUCT_BUNDLE_IDENTIFIER = com.peterlawless.Todoey;
				PRODUCT_NAME = "$(TARGET_NAME)";
				SWIFT_VERSION = 4.2;
				TARGETED_DEVICE_FAMILY = "1,2";
			};
			name = Debug;
		};
		BC09190C21868CC90067AD37 /* Release */ = {
			isa = XCBuildConfiguration;
			baseConfigurationReference = 32A30A1ECF0395F0CE3B77D3 /* Pods-Todoey.release.xcconfig */;
			buildSettings = {
				ASSETCATALOG_COMPILER_APPICON_NAME = AppIcon;
				CODE_SIGN_STYLE = Automatic;
				DEVELOPMENT_TEAM = K3B5ML5LK9;
				INFOPLIST_FILE = Todoey/Info.plist;
				LD_RUNPATH_SEARCH_PATHS = (
					"$(inherited)",
					"@executable_path/Frameworks",
				);
				PRODUCT_BUNDLE_IDENTIFIER = com.peterlawless.Todoey;
				PRODUCT_NAME = "$(TARGET_NAME)";
				SWIFT_VERSION = 4.2;
				TARGETED_DEVICE_FAMILY = "1,2";
			};
			name = Release;
		};
/* End XCBuildConfiguration section */

/* Begin XCConfigurationList section */
		BC0918F321868CC40067AD37 /* Build configuration list for PBXProject "Todoey" */ = {
			isa = XCConfigurationList;
			buildConfigurations = (
				BC09190821868CC90067AD37 /* Debug */,
				BC09190921868CC90067AD37 /* Release */,
			);
			defaultConfigurationIsVisible = 0;
			defaultConfigurationName = Release;
		};
		BC09190A21868CC90067AD37 /* Build configuration list for PBXNativeTarget "Todoey" */ = {
			isa = XCConfigurationList;
			buildConfigurations = (
				BC09190B21868CC90067AD37 /* Debug */,
				BC09190C21868CC90067AD37 /* Release */,
			);
			defaultConfigurationIsVisible = 0;
			defaultConfigurationName = Release;
		};
/* End XCConfigurationList section */
	};
	rootObject = BC0918F021868CC40067AD37 /* Project object */;
}
